
Microsoft Visual Studio Solution File, Format Version 12.00
# Visual Studio 15
VisualStudioVersion = 15.0.28307.779
MinimumVisualStudioVersion = 10.0.40219.1
Project("{FAE04EC0-301F-11D3-BF4B-00C04F79EFBC}") = "Laba3GRAF", "Laba3GRAF\Laba3GRAF.csproj", "{B413FFA8-2948-4789-A45E-EDBA1D33FD65}"
EndProject
Global
	GlobalSection(SolutionConfigurationPlatforms) = preSolution
		Debug|Any CPU = Debug|Any CPU
		Release|Any CPU = Release|Any CPU
	EndGlobalSection
	GlobalSection(ProjectConfigurationPlatforms) = postSolution
		{B413FFA8-2948-4789-A45E-EDBA1D33FD65}.Debug|Any CPU.ActiveCfg = Debug|Any CPU
		{B413FFA8-2948-4789-A45E-EDBA1D33FD65}.Debug|Any CPU.Build.0 = Debug|Any CPU
		{B413FFA8-2948-4789-A45E-EDBA1D33FD65}.Release|Any CPU.ActiveCfg = Release|Any CPU
		{B413FFA8-2948-4789-A45E-EDBA1D33FD65}.Release|Any CPU.Build.0 = Release|Any CPU
	EndGlobalSection
	GlobalSection(SolutionProperties) = preSolution
		HideSolutionNode = FALSE
	EndGlobalSection
	GlobalSection(ExtensibilityGlobals) = postSolution
		SolutionGuid = {15FB031B-BA11-4E88-8C93-2A697202955F}
	EndGlobalSection
EndGlobal
